# THIS IS AN AUTOGENERATED FILE. DO NOT EDIT THIS FILE DIRECTLY.
# yarn lockfile v1


"@ethersproject/abi@^5.5.0", "@ethersproject/abi@^5.6.0":
  version "5.6.2"
  resolved "https://registry.yarnpkg.com/@ethersproject/abi/-/abi-5.6.2.tgz#f2956f2ac724cd720e581759d9e3840cd9744818"
  integrity sha512-40Ixjhy+YzFtnvzIqFU13FW9hd1gMoLa3cJfSDnfnL4o8EnEG1qLiV8sNJo3sHYi9UYMfFeRuZ7kv5+vhzU7gQ==
  dependencies:
    "@ethersproject/address" "^5.6.0"
    "@ethersproject/bignumber" "^5.6.0"
    "@ethersproject/bytes" "^5.6.0"
    "@ethersproject/constants" "^5.6.0"
    "@ethersproject/hash" "^5.6.0"
    "@ethersproject/keccak256" "^5.6.0"
    "@ethersproject/logger" "^5.6.0"
    "@ethersproject/properties" "^5.6.0"
    "@ethersproject/strings" "^5.6.0"

"@ethersproject/abstract-provider@^5.6.0":
  version "5.6.0"
  resolved "https://registry.yarnpkg.com/@ethersproject/abstract-provider/-/abstract-provider-5.6.0.tgz#0c4ac7054650dbd9c476cf5907f588bbb6ef3061"
  integrity sha512-oPMFlKLN+g+y7a79cLK3WiLcjWFnZQtXWgnLAbHZcN3s7L4v90UHpTOrLk+m3yr0gt+/h9STTM6zrr7PM8uoRw==
  dependencies:
    "@ethersproject/bignumber" "^5.6.0"
    "@ethersproject/bytes" "^5.6.0"
    "@ethersproject/logger" "^5.6.0"
    "@ethersproject/networks" "^5.6.0"
    "@ethersproject/properties" "^5.6.0"
    "@ethersproject/transactions" "^5.6.0"
    "@ethersproject/web" "^5.6.0"

"@ethersproject/abstract-signer@^5.5.0", "@ethersproject/abstract-signer@^5.6.0":
  version "5.6.1"
  resolved "https://registry.yarnpkg.com/@ethersproject/abstract-signer/-/abstract-signer-5.6.1.tgz#54df786bdf1aabe20d0ed508ec05e0aa2d06674f"
  integrity sha512-xhSLo6y0nGJS7NxfvOSzCaWKvWb1TLT7dQ0nnpHZrDnC67xfnWm9NXflTMFPUXXMtjr33CdV0kWDEmnbrQZ74Q==
  dependencies:
    "@ethersproject/abstract-provider" "^5.6.0"
    "@ethersproject/bignumber" "^5.6.0"
    "@ethersproject/bytes" "^5.6.0"
    "@ethersproject/logger" "^5.6.0"
    "@ethersproject/properties" "^5.6.0"

"@ethersproject/address@^5.5.0", "@ethersproject/address@^5.6.0":
  version "5.6.0"
  resolved "https://registry.yarnpkg.com/@ethersproject/address/-/address-5.6.0.tgz#13c49836d73e7885fc148ad633afad729da25012"
  integrity sha512-6nvhYXjbXsHPS+30sHZ+U4VMagFC/9zAk6Gd/h3S21YW4+yfb0WfRtaAIZ4kfM4rrVwqiy284LP0GtL5HXGLxQ==
  dependencies:
    "@ethersproject/bignumber" "^5.6.0"
    "@ethersproject/bytes" "^5.6.0"
    "@ethersproject/keccak256" "^5.6.0"
    "@ethersproject/logger" "^5.6.0"
    "@ethersproject/rlp" "^5.6.0"

"@ethersproject/base64@^5.6.0":
  version "5.6.0"
  resolved "https://registry.yarnpkg.com/@ethersproject/base64/-/base64-5.6.0.tgz#a12c4da2a6fb86d88563216b0282308fc15907c9"
  integrity sha512-2Neq8wxJ9xHxCF9TUgmKeSh9BXJ6OAxWfeGWvbauPh8FuHEjamgHilllx8KkSd5ErxyHIX7Xv3Fkcud2kY9ezw==
  dependencies:
    "@ethersproject/bytes" "^5.6.0"

"@ethersproject/basex@^5.5.0", "@ethersproject/basex@^5.6.0":
  version "5.6.0"
  resolved "https://registry.yarnpkg.com/@ethersproject/basex/-/basex-5.6.0.tgz#9ea7209bf0a1c3ddc2a90f180c3a7f0d7d2e8a69"
  integrity sha512-qN4T+hQd/Md32MoJpc69rOwLYRUXwjTlhHDIeUkUmiN/JyWkkLLMoG0TqvSQKNqZOMgN5stbUYN6ILC+eD7MEQ==
  dependencies:
    "@ethersproject/bytes" "^5.6.0"
    "@ethersproject/properties" "^5.6.0"

"@ethersproject/bignumber@^5.5.0", "@ethersproject/bignumber@^5.6.0":
  version "5.6.1"
  resolved "https://registry.yarnpkg.com/@ethersproject/bignumber/-/bignumber-5.6.1.tgz#d5e0da518eb82ab8d08ca9db501888bbf5f0c8fb"
  integrity sha512-UtMeZ3GaUuF9sx2u9nPZiPP3ULcAFmXyvynR7oHl/tPrM+vldZh7ocMsoa1PqKYGnQnqUZJoqxZnGN6J0qdipA==
  dependencies:
    "@ethersproject/bytes" "^5.6.0"
    "@ethersproject/logger" "^5.6.0"
    bn.js "^4.11.9"

"@ethersproject/bytes@^5.6.0":
  version "5.6.1"
  resolved "https://registry.yarnpkg.com/@ethersproject/bytes/-/bytes-5.6.1.tgz#24f916e411f82a8a60412344bf4a813b917eefe7"
  integrity sha512-NwQt7cKn5+ZE4uDn+X5RAXLp46E1chXoaMmrxAyA0rblpxz8t58lVkrHXoRIn0lz1joQElQ8410GqhTqMOwc6g==
  dependencies:
    "@ethersproject/logger" "^5.6.0"

"@ethersproject/constants@^5.6.0":
  version "5.6.0"
  resolved "https://registry.yarnpkg.com/@ethersproject/constants/-/constants-5.6.0.tgz#55e3eb0918584d3acc0688e9958b0cedef297088"
  integrity sha512-SrdaJx2bK0WQl23nSpV/b1aq293Lh0sUaZT/yYKPDKn4tlAbkH96SPJwIhwSwTsoQQZxuh1jnqsKwyymoiBdWA==
  dependencies:
    "@ethersproject/bignumber" "^5.6.0"

"@ethersproject/contracts@^5.5.0":
  version "5.6.1"
  resolved "https://registry.yarnpkg.com/@ethersproject/contracts/-/contracts-5.6.1.tgz#c0eba3f8a2226456f92251a547344fd0593281d2"
  integrity sha512-0fpBBDoPqJMsutE6sNjg6pvCJaIcl7tliMQTMRcoUWDACfjO68CpKOJBlsEhEhmzdnu/41KbrfAeg+sB3y35MQ==
  dependencies:
    "@ethersproject/abi" "^5.6.0"
    "@ethersproject/abstract-provider" "^5.6.0"
    "@ethersproject/abstract-signer" "^5.6.0"
    "@ethersproject/address" "^5.6.0"
    "@ethersproject/bignumber" "^5.6.0"
    "@ethersproject/bytes" "^5.6.0"
    "@ethersproject/constants" "^5.6.0"
    "@ethersproject/logger" "^5.6.0"
    "@ethersproject/properties" "^5.6.0"
    "@ethersproject/transactions" "^5.6.0"

"@ethersproject/hash@^5.6.0":
  version "5.6.0"
  resolved "https://registry.yarnpkg.com/@ethersproject/hash/-/hash-5.6.0.tgz#d24446a5263e02492f9808baa99b6e2b4c3429a2"
  integrity sha512-fFd+k9gtczqlr0/BruWLAu7UAOas1uRRJvOR84uDf4lNZ+bTkGl366qvniUZHKtlqxBRU65MkOobkmvmpHU+jA==
  dependencies:
    "@ethersproject/abstract-signer" "^5.6.0"
    "@ethersproject/address" "^5.6.0"
    "@ethersproject/bignumber" "^5.6.0"
    "@ethersproject/bytes" "^5.6.0"
    "@ethersproject/keccak256" "^5.6.0"
    "@ethersproject/logger" "^5.6.0"
    "@ethersproject/properties" "^5.6.0"
    "@ethersproject/strings" "^5.6.0"

"@ethersproject/keccak256@^5.6.0":
  version "5.6.0"
  resolved "https://registry.yarnpkg.com/@ethersproject/keccak256/-/keccak256-5.6.0.tgz#fea4bb47dbf8f131c2e1774a1cecbfeb9d606459"
  integrity sha512-tk56BJ96mdj/ksi7HWZVWGjCq0WVl/QvfhFQNeL8fxhBlGoP+L80uDCiQcpJPd+2XxkivS3lwRm3E0CXTfol0w==
  dependencies:
    "@ethersproject/bytes" "^5.6.0"
    js-sha3 "0.8.0"

"@ethersproject/logger@^5.6.0":
  version "5.6.0"
  resolved "https://registry.yarnpkg.com/@ethersproject/logger/-/logger-5.6.0.tgz#d7db1bfcc22fd2e4ab574cba0bb6ad779a9a3e7a"
  integrity sha512-BiBWllUROH9w+P21RzoxJKzqoqpkyM1pRnEKG69bulE9TSQD8SAIvTQqIMZmmCO8pUNkgLP1wndX1gKghSpBmg==

"@ethersproject/networks@^5.6.0":
  version "5.6.3"
  resolved "https://registry.yarnpkg.com/@ethersproject/networks/-/networks-5.6.3.tgz#3ee3ab08f315b433b50c99702eb32e0cf31f899f"
  integrity sha512-QZxRH7cA5Ut9TbXwZFiCyuPchdWi87ZtVNHWZd0R6YFgYtes2jQ3+bsslJ0WdyDe0i6QumqtoYqvY3rrQFRZOQ==
  dependencies:
    "@ethersproject/logger" "^5.6.0"

"@ethersproject/properties@^5.6.0":
  version "5.6.0"
  resolved "https://registry.yarnpkg.com/@ethersproject/properties/-/properties-5.6.0.tgz#38904651713bc6bdd5bdd1b0a4287ecda920fa04"
  integrity sha512-szoOkHskajKePTJSZ46uHUWWkbv7TzP2ypdEK6jGMqJaEt2sb0jCgfBo0gH0m2HBpRixMuJ6TBRaQCF7a9DoCg==
  dependencies:
    "@ethersproject/logger" "^5.6.0"

"@ethersproject/providers@^5.5.0":
  version "5.6.7"
  resolved "https://registry.yarnpkg.com/@ethersproject/providers/-/providers-5.6.7.tgz#1f88ec94febb79a90e33f7e0100354878fb4dabe"
  integrity sha512-QG7KLxfYk0FA0ycWATKMM8UzMOfOvchtkN89nNORlPqqhX5zatdamJ506dh5ECk+ybcnCkeVOdStlzrOMkkGOA==
  dependencies:
    "@ethersproject/abstract-provider" "^5.6.0"
    "@ethersproject/abstract-signer" "^5.6.0"
    "@ethersproject/address" "^5.6.0"
    "@ethersproject/base64" "^5.6.0"
    "@ethersproject/basex" "^5.6.0"
    "@ethersproject/bignumber" "^5.6.0"
    "@ethersproject/bytes" "^5.6.0"
    "@ethersproject/constants" "^5.6.0"
    "@ethersproject/hash" "^5.6.0"
    "@ethersproject/logger" "^5.6.0"
    "@ethersproject/networks" "^5.6.0"
    "@ethersproject/properties" "^5.6.0"
    "@ethersproject/random" "^5.6.0"
    "@ethersproject/rlp" "^5.6.0"
    "@ethersproject/sha2" "^5.6.0"
    "@ethersproject/strings" "^5.6.0"
    "@ethersproject/transactions" "^5.6.0"
    "@ethersproject/web" "^5.6.0"
    bech32 "1.1.4"
    ws "7.4.6"

"@ethersproject/random@^5.6.0":
  version "5.6.0"
  resolved "https://registry.yarnpkg.com/@ethersproject/random/-/random-5.6.0.tgz#1505d1ab6a250e0ee92f436850fa3314b2cb5ae6"
  integrity sha512-si0PLcLjq+NG/XHSZz90asNf+YfKEqJGVdxoEkSukzbnBgC8rydbgbUgBbBGLeHN4kAJwUFEKsu3sCXT93YMsw==
  dependencies:
    "@ethersproject/bytes" "^5.6.0"
    "@ethersproject/logger" "^5.6.0"

"@ethersproject/rlp@^5.6.0":
  version "5.6.0"
  resolved "https://registry.yarnpkg.com/@ethersproject/rlp/-/rlp-5.6.0.tgz#55a7be01c6f5e64d6e6e7edb6061aa120962a717"
  integrity sha512-dz9WR1xpcTL+9DtOT/aDO+YyxSSdO8YIS0jyZwHHSlAmnxA6cKU3TrTd4Xc/bHayctxTgGLYNuVVoiXE4tTq1g==
  dependencies:
    "@ethersproject/bytes" "^5.6.0"
    "@ethersproject/logger" "^5.6.0"

"@ethersproject/sha2@^5.6.0":
  version "5.6.0"
  resolved "https://registry.yarnpkg.com/@ethersproject/sha2/-/sha2-5.6.0.tgz#364c4c11cc753bda36f31f001628706ebadb64d9"
  integrity sha512-1tNWCPFLu1n3JM9t4/kytz35DkuF9MxqkGGEHNauEbaARdm2fafnOyw1s0tIQDPKF/7bkP1u3dbrmjpn5CelyA==
  dependencies:
    "@ethersproject/bytes" "^5.6.0"
    "@ethersproject/logger" "^5.6.0"
    hash.js "1.1.7"

"@ethersproject/signing-key@^5.6.0":
  version "5.6.1"
  resolved "https://registry.yarnpkg.com/@ethersproject/signing-key/-/signing-key-5.6.1.tgz#31b0a531520616254eb0465b9443e49515c4d457"
  integrity sha512-XvqQ20DH0D+bS3qlrrgh+axRMth5kD1xuvqUQUTeezxUTXBOeR6hWz2/C6FBEu39FRytyybIWrYf7YLSAKr1LQ==
  dependencies:
    "@ethersproject/bytes" "^5.6.0"
    "@ethersproject/logger" "^5.6.0"
    "@ethersproject/properties" "^5.6.0"
    bn.js "^4.11.9"
    elliptic "6.5.4"
    hash.js "1.1.7"

"@ethersproject/strings@^5.6.0":
  version "5.6.0"
  resolved "https://registry.yarnpkg.com/@ethersproject/strings/-/strings-5.6.0.tgz#9891b26709153d996bf1303d39a7f4bc047878fd"
  integrity sha512-uv10vTtLTZqrJuqBZR862ZQjTIa724wGPWQqZrofaPI/kUsf53TBG0I0D+hQ1qyNtllbNzaW+PDPHHUI6/65Mg==
  dependencies:
    "@ethersproject/bytes" "^5.6.0"
    "@ethersproject/constants" "^5.6.0"
    "@ethersproject/logger" "^5.6.0"

"@ethersproject/transactions@^5.5.0", "@ethersproject/transactions@^5.6.0":
  version "5.6.1"
  resolved "https://registry.yarnpkg.com/@ethersproject/transactions/-/transactions-5.6.1.tgz#3091b888fe6b89bd6208ea1e9ee5e4ea91d730a3"
  integrity sha512-oIAC7zBCDnjVlEn0KSG1udbqR7hP9FOurxIV/aG+erCdvdvi+QXEZRUtVP9+lu3WYUe8SMYhdAVwNJtD7dZMRw==
  dependencies:
    "@ethersproject/address" "^5.6.0"
    "@ethersproject/bignumber" "^5.6.0"
    "@ethersproject/bytes" "^5.6.0"
    "@ethersproject/constants" "^5.6.0"
    "@ethersproject/keccak256" "^5.6.0"
    "@ethersproject/logger" "^5.6.0"
    "@ethersproject/properties" "^5.6.0"
    "@ethersproject/rlp" "^5.6.0"
    "@ethersproject/signing-key" "^5.6.0"

"@ethersproject/web@^5.6.0":
  version "5.6.0"
  resolved "https://registry.yarnpkg.com/@ethersproject/web/-/web-5.6.0.tgz#4bf8b3cbc17055027e1a5dd3c357e37474eaaeb8"
  integrity sha512-G/XHj0hV1FxI2teHRfCGvfBUHFmU+YOSbCxlAMqJklxSa7QMiHFQfAxvwY2PFqgvdkxEKwRNr/eCjfAPEm2Ctg==
  dependencies:
    "@ethersproject/base64" "^5.6.0"
    "@ethersproject/bytes" "^5.6.0"
    "@ethersproject/logger" "^5.6.0"
    "@ethersproject/properties" "^5.6.0"
    "@ethersproject/strings" "^5.6.0"

"@stablelib/aead@^1.0.1":
  version "1.0.1"
  resolved "https://registry.yarnpkg.com/@stablelib/aead/-/aead-1.0.1.tgz#c4b1106df9c23d1b867eb9b276d8f42d5fc4c0c3"
  integrity sha512-q39ik6sxGHewqtO0nP4BuSe3db5G1fEJE8ukvngS2gLkBXyy6E7pLubhbYgnkDFv6V8cWaxcE4Xn0t6LWcJkyg==

"@stablelib/binary@^1.0.1":
  version "1.0.1"
  resolved "https://registry.yarnpkg.com/@stablelib/binary/-/binary-1.0.1.tgz#c5900b94368baf00f811da5bdb1610963dfddf7f"
  integrity sha512-ClJWvmL6UBM/wjkvv/7m5VP3GMr9t0osr4yVgLZsLCOz4hGN9gIAFEqnJ0TsSMAN+n840nf2cHZnA5/KFqHC7Q==
  dependencies:
    "@stablelib/int" "^1.0.1"

"@stablelib/bytes@^1.0.1":
  version "1.0.1"
  resolved "https://registry.yarnpkg.com/@stablelib/bytes/-/bytes-1.0.1.tgz#0f4aa7b03df3080b878c7dea927d01f42d6a20d8"
  integrity sha512-Kre4Y4kdwuqL8BR2E9hV/R5sOrUj6NanZaZis0V6lX5yzqC3hBuVSDXUIBqQv/sCpmuWRiHLwqiT1pqqjuBXoQ==

"@stablelib/chacha20poly1305@^1.0.1":
  version "1.0.1"
  resolved "https://registry.yarnpkg.com/@stablelib/chacha20poly1305/-/chacha20poly1305-1.0.1.tgz#de6b18e283a9cb9b7530d8767f99cde1fec4c2ee"
  integrity sha512-MmViqnqHd1ymwjOQfghRKw2R/jMIGT3wySN7cthjXCBdO+qErNPUBnRzqNpnvIwg7JBCg3LdeCZZO4de/yEhVA==
  dependencies:
    "@stablelib/aead" "^1.0.1"
    "@stablelib/binary" "^1.0.1"
    "@stablelib/chacha" "^1.0.1"
    "@stablelib/constant-time" "^1.0.1"
    "@stablelib/poly1305" "^1.0.1"
    "@stablelib/wipe" "^1.0.1"

"@stablelib/chacha@^1.0.1":
  version "1.0.1"
  resolved "https://registry.yarnpkg.com/@stablelib/chacha/-/chacha-1.0.1.tgz#deccfac95083e30600c3f92803a3a1a4fa761371"
  integrity sha512-Pmlrswzr0pBzDofdFuVe1q7KdsHKhhU24e8gkEwnTGOmlC7PADzLVxGdn2PoNVBBabdg0l/IfLKg6sHAbTQugg==
  dependencies:
    "@stablelib/binary" "^1.0.1"
    "@stablelib/wipe" "^1.0.1"

"@stablelib/constant-time@^1.0.1":
  version "1.0.1"
  resolved "https://registry.yarnpkg.com/@stablelib/constant-time/-/constant-time-1.0.1.tgz#bde361465e1cf7b9753061b77e376b0ca4c77e35"
  integrity sha512-tNOs3uD0vSJcK6z1fvef4Y+buN7DXhzHDPqRLSXUel1UfqMB1PWNsnnAezrKfEwTLpN0cGH2p9NNjs6IqeD0eg==

"@stablelib/ed25519@^1.0.2":
  version "1.0.2"
  resolved "https://registry.yarnpkg.com/@stablelib/ed25519/-/ed25519-1.0.2.tgz#937a88a2f73a71d9bdc3ea276efe8954776ae0f4"
  integrity sha512-FtnvUwvKbp6l1dNcg4CswMAVFVu/nzLK3oC7/PRtjYyHbWsIkD8j+5cjXHmwcCpdCpRCaTGACkEhhMQ1RcdSOQ==
  dependencies:
    "@stablelib/random" "^1.0.1"
    "@stablelib/sha512" "^1.0.1"
    "@stablelib/wipe" "^1.0.1"

"@stablelib/hash@^1.0.1":
  version "1.0.1"
  resolved "https://registry.yarnpkg.com/@stablelib/hash/-/hash-1.0.1.tgz#3c944403ff2239fad8ebb9015e33e98444058bc5"
  integrity sha512-eTPJc/stDkdtOcrNMZ6mcMK1e6yBbqRBaNW55XA1jU8w/7QdnCF0CmMmOD1m7VSkBR44PWrMHU2l6r8YEQHMgg==

"@stablelib/int@^1.0.1":
  version "1.0.1"
  resolved "https://registry.yarnpkg.com/@stablelib/int/-/int-1.0.1.tgz#75928cc25d59d73d75ae361f02128588c15fd008"
  integrity sha512-byr69X/sDtDiIjIV6m4roLVWnNNlRGzsvxw+agj8CIEazqWGOQp2dTYgQhtyVXV9wpO6WyXRQUzLV/JRNumT2w==

"@stablelib/keyagreement@^1.0.1":
  version "1.0.1"
  resolved "https://registry.yarnpkg.com/@stablelib/keyagreement/-/keyagreement-1.0.1.tgz#4612efb0a30989deb437cd352cee637ca41fc50f"
  integrity sha512-VKL6xBwgJnI6l1jKrBAfn265cspaWBPAPEc62VBQrWHLqVgNRE09gQ/AnOEyKUWrrqfD+xSQ3u42gJjLDdMDQg==
  dependencies:
    "@stablelib/bytes" "^1.0.1"

"@stablelib/poly1305@^1.0.1":
  version "1.0.1"
  resolved "https://registry.yarnpkg.com/@stablelib/poly1305/-/poly1305-1.0.1.tgz#93bfb836c9384685d33d70080718deae4ddef1dc"
  integrity sha512-1HlG3oTSuQDOhSnLwJRKeTRSAdFNVB/1djy2ZbS35rBSJ/PFqx9cf9qatinWghC2UbfOYD8AcrtbUQl8WoxabA==
  dependencies:
    "@stablelib/constant-time" "^1.0.1"
    "@stablelib/wipe" "^1.0.1"

"@stablelib/random@^1.0.1":
  version "1.0.1"
  resolved "https://registry.yarnpkg.com/@stablelib/random/-/random-1.0.1.tgz#4357a00cb1249d484a9a71e6054bc7b8324a7009"
  integrity sha512-zOh+JHX3XG9MSfIB0LZl/YwPP9w3o6WBiJkZvjPoKKu5LKFW4OLV71vMxWp9qG5T43NaWyn0QQTWgqCdO+yOBQ==
  dependencies:
    "@stablelib/binary" "^1.0.1"
    "@stablelib/wipe" "^1.0.1"

"@stablelib/sha256@^1.0.1":
  version "1.0.1"
  resolved "https://registry.yarnpkg.com/@stablelib/sha256/-/sha256-1.0.1.tgz#77b6675b67f9b0ea081d2e31bda4866297a3ae4f"
  integrity sha512-GIIH3e6KH+91FqGV42Kcj71Uefd/QEe7Dy42sBTeqppXV95ggCcxLTk39bEr+lZfJmp+ghsR07J++ORkRELsBQ==
  dependencies:
    "@stablelib/binary" "^1.0.1"
    "@stablelib/hash" "^1.0.1"
    "@stablelib/wipe" "^1.0.1"

"@stablelib/sha512@^1.0.1":
  version "1.0.1"
  resolved "https://registry.yarnpkg.com/@stablelib/sha512/-/sha512-1.0.1.tgz#6da700c901c2c0ceacbd3ae122a38ac57c72145f"
  integrity sha512-13gl/iawHV9zvDKciLo1fQ8Bgn2Pvf7OV6amaRVKiq3pjQ3UmEpXxWiAfV8tYjUpeZroBxtyrwtdooQT/i3hzw==
  dependencies:
    "@stablelib/binary" "^1.0.1"
    "@stablelib/hash" "^1.0.1"
    "@stablelib/wipe" "^1.0.1"

"@stablelib/wipe@^1.0.1":
  version "1.0.1"
  resolved "https://registry.yarnpkg.com/@stablelib/wipe/-/wipe-1.0.1.tgz#d21401f1d59ade56a62e139462a97f104ed19a36"
  integrity sha512-WfqfX/eXGiAd3RJe4VU2snh/ZPwtSjLG4ynQ/vYzvghTh7dHFcI1wl+nrkWG6lGhukOxOsUHfv8dUXr58D0ayg==

"@stablelib/x25519@^1.0.1":
  version "1.0.2"
  resolved "https://registry.yarnpkg.com/@stablelib/x25519/-/x25519-1.0.2.tgz#ae21e2ab668076ec2eb2b4853b82a27fab045fa1"
  integrity sha512-wTR0t0Bp1HABLFRbYaE3vFLuco2QbAg6QvxBnzi5j9qjhYezWHW7OiCZyaWbt25UkSaoolUUT4Il0nS/2vcbSw==
  dependencies:
    "@stablelib/keyagreement" "^1.0.1"
    "@stablelib/random" "^1.0.1"
    "@stablelib/wipe" "^1.0.1"

"@stablelib/xchacha20@^1.0.1":
  version "1.0.1"
  resolved "https://registry.yarnpkg.com/@stablelib/xchacha20/-/xchacha20-1.0.1.tgz#e98808d1f7d8b20e3ff37c71a3062a2a955d9a8c"
  integrity sha512-1YkiZnFF4veUwBVhDnDYwo6EHeKzQK4FnLiO7ezCl/zu64uG0bCCAUROJaBkaLH+5BEsO3W7BTXTguMbSLlWSw==
  dependencies:
    "@stablelib/binary" "^1.0.1"
    "@stablelib/chacha" "^1.0.1"
    "@stablelib/wipe" "^1.0.1"

"@stablelib/xchacha20poly1305@^1.0.1":
  version "1.0.1"
  resolved "https://registry.yarnpkg.com/@stablelib/xchacha20poly1305/-/xchacha20poly1305-1.0.1.tgz#addcaf30b92dd956f76b3357888e2f91b92e7a61"
  integrity sha512-B1Abj0sMJ8h3HNmGnJ7vHBrAvxuNka6cJJoZ1ILN7iuacXp7sUYcgOVEOTLWj+rtQMpspY9tXSCRLPmN1mQNWg==
  dependencies:
    "@stablelib/aead" "^1.0.1"
    "@stablelib/chacha20poly1305" "^1.0.1"
    "@stablelib/constant-time" "^1.0.1"
    "@stablelib/wipe" "^1.0.1"
    "@stablelib/xchacha20" "^1.0.1"

"@veramo/core@^3.1.0":
  version "3.1.0"
  resolved "https://registry.yarnpkg.com/@veramo/core/-/core-3.1.0.tgz#668023eee807b4e4d1678851b2f8270b1d05df6f"
  integrity sha512-gy7Z+GZayt/b3Oy/uAkXnXLdHjs5pjB8Q4nMM7yTnvQKhyJGjYBgpRpuy54D0TCRzjU8DxQEhXjPmI+9GGReRg==
  dependencies:
    debug "^4.1.1"
    did-jwt-vc "2.1.7"
    events "^3.2.0"
    z-schema "^5.0.0"

"@veramo/did-resolver@^3.1.0":
  version "3.1.0"
  resolved "https://registry.yarnpkg.com/@veramo/did-resolver/-/did-resolver-3.1.0.tgz#3f832ed3d519660c70a29cd1ce75f9427efa65f3"
  integrity sha512-yXO3EGDwnf8hVjM1dpqBnvfN3mbRJzzZt79uVW/KMHqycQVodEGm7HOOw4qkSpjmooMZlyXMHLi0eWyyeRC5KQ==
  dependencies:
    "@veramo/core" "^3.1.0"
    cross-fetch "^3.1.4"
    debug "^4.1.1"

bech32@1.1.4:
  version "1.1.4"
  resolved "https://registry.yarnpkg.com/bech32/-/bech32-1.1.4.tgz#e38c9f37bf179b8eb16ae3a772b40c356d4832e9"
  integrity sha512-s0IrSOzLlbvX7yp4WBfPITzpAU8sqQcpsmwXDiKwrG4r491vwCO/XpejasRNl0piBMe/DvP4Tz0mIS/X1DPJBQ==

bech32@^2.0.0:
  version "2.0.0"
  resolved "https://registry.yarnpkg.com/bech32/-/bech32-2.0.0.tgz#078d3686535075c8c79709f054b1b226a133b355"
  integrity sha512-LcknSilhIGatDAsY1ak2I8VtGaHNhgMSYVxFrGLXv+xLHytaKZKcaUJJUE7qmBr7h33o5YQwP55pMI0xmkpJwg==

bn.js@^4.11.9:
  version "4.12.0"
  resolved "https://registry.yarnpkg.com/bn.js/-/bn.js-4.12.0.tgz#775b3f278efbb9718eec7361f483fb36fbbfea88"
  integrity sha512-c98Bf3tPniI+scsdk237ku1Dc3ujXQTSgyiPUDEOe7tRkhrqridvh8klBv0HCEso1OLOYcHuCv/cS6DNxKH+ZA==

brorand@^1.1.0:
  version "1.1.0"
  resolved "https://registry.yarnpkg.com/brorand/-/brorand-1.1.0.tgz#12c25efe40a45e3c323eb8675a0a0ce57b22371f"
  integrity sha512-cKV8tMCEpQs4hK/ik71d6LrPOnpkpGBR0wzxqr68g2m/LB2GxVYQroAjMJZRVM1Y4BCjCKc3vAamxSzOY2RP+w==

canonicalize@^1.0.5:
  version "1.0.8"
  resolved "https://registry.yarnpkg.com/canonicalize/-/canonicalize-1.0.8.tgz#24d1f1a00ed202faafd9bf8e63352cd4450c6df1"
  integrity sha512-0CNTVCLZggSh7bc5VkX5WWPWO+cyZbNd07IHIsSXLia/eAq+r836hgk+8BKoEh7949Mda87VUOitx5OddVj64A==

commander@^2.20.3:
  version "2.20.3"
  resolved "https://registry.yarnpkg.com/commander/-/commander-2.20.3.tgz#fd485e84c03eb4881c20722ba48035e8531aeb33"
  integrity sha512-GpVkmM8vF2vQUkj2LvZmD35JxeJOLCwJ9cUkugyk2nuhbv3+mJvpLYYt+0+USMxE+oj+ey/lJEnhZw75x/OMcQ==

cross-fetch@^3.1.2, cross-fetch@^3.1.4:
  version "3.1.5"
  resolved "https://registry.yarnpkg.com/cross-fetch/-/cross-fetch-3.1.5.tgz#e1389f44d9e7ba767907f7af8454787952ab534f"
  integrity sha512-lvb1SBsI0Z7GDwmuid+mU3kWVBwTVUbe7S0H52yaaAdQOXq2YktTCZdlAcNKFzE6QtRz0snpw9bNiPeOIkkQvw==
  dependencies:
    node-fetch "2.6.7"

debug@^4.1.1:
  version "4.3.4"
  resolved "https://registry.yarnpkg.com/debug/-/debug-4.3.4.tgz#1319f6579357f2338d3337d2cdd4914bb5dcc865"
  integrity sha512-PRWFHuSU3eDtQJPvnNY7Jcket1j0t5OuOsFzPPzsekD52Zl8qUfFIPEiswXqIvHWGVHOgX+7G/vCNNhehwxfkQ==
  dependencies:
    ms "2.1.2"

did-jwt-vc@2.1.7:
  version "2.1.7"
  resolved "https://registry.yarnpkg.com/did-jwt-vc/-/did-jwt-vc-2.1.7.tgz#c9bf69cdf86f3e46db30344eb5d1e6cbada9164b"
  integrity sha512-MSuoy2yVRqlF4viGjtUzDmFBfxercwgUwIY+rs3swnyU7RmeZ5Iwp5TBhStIy3ro+BIQEPtXtp1xlcbATJW1iA==
  dependencies:
    did-jwt "^5.7.0"
    did-resolver "^3.1.0"

did-jwt@^5.7.0:
  version "5.12.4"
  resolved "https://registry.yarnpkg.com/did-jwt/-/did-jwt-5.12.4.tgz#6357a550173b7155f2e5cf3b8ea3f8e8be180617"
  integrity sha512-rFY7yIlE/79zB648Drn9vLiM+F4+3IzRkFvBcHelZqQmnPy037U9VWeeP/f2PlnQKgW5qbYXVJR5KftLfo58TA==
  dependencies:
    "@stablelib/ed25519" "^1.0.2"
    "@stablelib/random" "^1.0.1"
    "@stablelib/sha256" "^1.0.1"
    "@stablelib/x25519" "^1.0.1"
    "@stablelib/xchacha20poly1305" "^1.0.1"
    bech32 "^2.0.0"
    canonicalize "^1.0.5"
    did-resolver "^3.1.5"
    elliptic "^6.5.4"
    js-sha3 "^0.8.0"
    multiformats "^9.4.10"
    uint8arrays "^3.0.0"

did-resolver@^3.1.0, did-resolver@^3.1.5, did-resolver@^3.2.0:
  version "3.2.0"
  resolved "https://registry.yarnpkg.com/did-resolver/-/did-resolver-3.2.0.tgz#b89edd0dd70ad6f1c65ca1285472e021c2239707"
  integrity sha512-8YiTRitfGt9hJYDIzjc254gXgJptO4zq6Q2BMZMNqkbCf9EFkV6BD4QIh5BUF4YjBglBgJY+duQRzO3UZAlZsw==

elliptic@6.5.4, elliptic@^6.5.4:
  version "6.5.4"
  resolved "https://registry.yarnpkg.com/elliptic/-/elliptic-6.5.4.tgz#da37cebd31e79a1367e941b592ed1fbebd58abbb"
  integrity sha512-iLhC6ULemrljPZb+QutR5TQGB+pdW6KGD5RSegS+8sorOZT+rdQFbsQFJgvN3eRqNALqJer4oQ16YvJHlU8hzQ==
  dependencies:
    bn.js "^4.11.9"
    brorand "^1.1.0"
    hash.js "^1.0.0"
    hmac-drbg "^1.0.1"
    inherits "^2.0.4"
    minimalistic-assert "^1.0.1"
    minimalistic-crypto-utils "^1.0.1"

ethr-did-registry@^0.0.3:
  version "0.0.3"
  resolved "https://registry.yarnpkg.com/ethr-did-registry/-/ethr-did-registry-0.0.3.tgz#f363d2c73cb9572b57bd7a5c9c90c88485feceb5"
  integrity sha512-4BPvMGkxAK9vTduCq6D5b8ZqjteD2cvDIPPriXP6nnmPhWKFSxypo+AFvyQ0omJGa0cGTR+dkdI/8jiF7U/qaw==

ethr-did-resolver@^5.0.4:
  version "5.0.4"
  resolved "https://registry.yarnpkg.com/ethr-did-resolver/-/ethr-did-resolver-5.0.4.tgz#a5c09465ee2b1cf752e49f09673bc44567bd8c59"
  integrity sha512-eccHUIS207ymuxjAjFWu7jDeKKd1Sk+GDiKL3T0IpQRXwemkh6k9V2pQah9uQ7tS8sxZ8mKT7SeWXDmM6Uf/UQ==
  dependencies:
    "@ethersproject/abi" "^5.5.0"
    "@ethersproject/abstract-signer" "^5.5.0"
    "@ethersproject/address" "^5.5.0"
    "@ethersproject/basex" "^5.5.0"
    "@ethersproject/bignumber" "^5.5.0"
    "@ethersproject/contracts" "^5.5.0"
    "@ethersproject/providers" "^5.5.0"
    "@ethersproject/transactions" "^5.5.0"
    did-resolver "^3.1.5"
    ethr-did-registry "^0.0.3"

events@^3.2.0:
  version "3.3.0"
  resolved "https://registry.yarnpkg.com/events/-/events-3.3.0.tgz#31a95ad0a924e2d2c419a813aeb2c4e878ea7400"
  integrity sha512-mQw+2fkQbALzQ7V0MY0IqdnXNOeTtP4r0lN9z7AAawCXgqea7bDii20AYrIBrFd/Hx0M2Ocz6S111CaFkUcb0Q==

hash.js@1.1.7, hash.js@^1.0.0, hash.js@^1.0.3:
  version "1.1.7"
  resolved "https://registry.yarnpkg.com/hash.js/-/hash.js-1.1.7.tgz#0babca538e8d4ee4a0f8988d68866537a003cf42"
  integrity sha512-taOaskGt4z4SOANNseOviYDvjEJinIkRgmp7LbKP2YTTmVxWBl87s/uzK9r+44BclBSp2X7K1hqeNfz9JbBeXA==
  dependencies:
    inherits "^2.0.3"
    minimalistic-assert "^1.0.1"

hmac-drbg@^1.0.1:
  version "1.0.1"
  resolved "https://registry.yarnpkg.com/hmac-drbg/-/hmac-drbg-1.0.1.tgz#d2745701025a6c775a6c545793ed502fc0c649a1"
  integrity sha1-0nRXAQJabHdabFRXk+1QL8DGSaE=
  dependencies:
    hash.js "^1.0.3"
    minimalistic-assert "^1.0.0"
    minimalistic-crypto-utils "^1.0.1"

inherits@^2.0.3, inherits@^2.0.4:
  version "2.0.4"
  resolved "https://registry.yarnpkg.com/inherits/-/inherits-2.0.4.tgz#0fa2c64f932917c3433a0ded55363aae37416b7c"
  integrity sha512-k/vGaX4/Yla3WzyMCvTQOXYeIHvqOKtnqBduzTHpzpQZzAskKMhZ2K+EnBiSM9zGSoIFeMpXKxa4dYeZIQqewQ==

js-sha3@0.8.0, js-sha3@^0.8.0:
  version "0.8.0"
  resolved "https://registry.yarnpkg.com/js-sha3/-/js-sha3-0.8.0.tgz#b9b7a5da73afad7dedd0f8c463954cbde6818840"
  integrity sha512-gF1cRrHhIzNfToc802P800N8PpXS+evLLXfsVpowqmAFR9uwbi89WvXg2QspOmXL8QL86J4T1EpFu+yUkwJY3Q==

lodash.get@^4.4.2:
  version "4.4.2"
  resolved "https://registry.yarnpkg.com/lodash.get/-/lodash.get-4.4.2.tgz#2d177f652fa31e939b4438d5341499dfa3825e99"
  integrity sha1-LRd/ZS+jHpObRDjVNBSZ36OCXpk=

lodash.isequal@^4.5.0:
  version "4.5.0"
  resolved "https://registry.yarnpkg.com/lodash.isequal/-/lodash.isequal-4.5.0.tgz#415c4478f2bcc30120c22ce10ed3226f7d3e18e0"
  integrity sha1-QVxEePK8wwEgwizhDtMib30+GOA=

minimalistic-assert@^1.0.0, minimalistic-assert@^1.0.1:
  version "1.0.1"
  resolved "https://registry.yarnpkg.com/minimalistic-assert/-/minimalistic-assert-1.0.1.tgz#2e194de044626d4a10e7f7fbc00ce73e83e4d5c7"
  integrity sha512-UtJcAD4yEaGtjPezWuO9wC4nwUnVH/8/Im3yEHQP4b67cXlD/Qr9hdITCU1xDbSEXg2XKNaP8jsReV7vQd00/A==

minimalistic-crypto-utils@^1.0.1:
  version "1.0.1"
  resolved "https://registry.yarnpkg.com/minimalistic-crypto-utils/-/minimalistic-crypto-utils-1.0.1.tgz#f6c00c1c0b082246e5c4d99dfb8c7c083b2b582a"
  integrity sha1-9sAMHAsIIkblxNmd+4x8CDsrWCo=

ms@2.1.2:
  version "2.1.2"
  resolved "https://registry.yarnpkg.com/ms/-/ms-2.1.2.tgz#d09d1f357b443f493382a8eb3ccd183872ae6009"
  integrity sha512-sGkPx+VjMtmA6MX27oA4FBFELFCZZ4S4XqeGOXCv68tT+jb3vk/RyaKWP0PTKyWtmLSM0b+adUTEvbs1PEaH2w==

multiformats@^9.4.10, multiformats@^9.4.2:
  version "9.6.5"
  resolved "https://registry.yarnpkg.com/multiformats/-/multiformats-9.6.5.tgz#f2d894a26664b454a90abf5a8911b7e39195db80"
  integrity sha512-vMwf/FUO+qAPvl3vlSZEgEVFY/AxeZq5yg761ScF3CZsXgmTi/HGkicUiNN0CI4PW8FiY2P0OLklOcmQjdQJhw==

node-fetch@2.6.7:
  version "2.6.7"
  resolved "https://registry.yarnpkg.com/node-fetch/-/node-fetch-2.6.7.tgz#24de9fba827e3b4ae44dc8b20256a379160052ad"
  integrity sha512-ZjMPFEfVx5j+y2yF35Kzx5sF7kDzxuDj6ziH4FFbOp87zKDZNx8yExJIb05OGF4Nlt9IHFIMBkRl41VdvcNdbQ==
  dependencies:
    whatwg-url "^5.0.0"

tr46@~0.0.3:
  version "0.0.3"
  resolved "https://registry.yarnpkg.com/tr46/-/tr46-0.0.3.tgz#8184fd347dac9cdc185992f3a6622e14b9d9ab6a"
  integrity sha1-gYT9NH2snNwYWZLzpmIuFLnZq2o=

uint8arrays@^3.0.0:
  version "3.0.0"
  resolved "https://registry.yarnpkg.com/uint8arrays/-/uint8arrays-3.0.0.tgz#260869efb8422418b6f04e3fac73a3908175c63b"
  integrity sha512-HRCx0q6O9Bfbp+HHSfQQKD7wU70+lydKVt4EghkdOvlK/NlrF90z+eXV34mUd48rNvVJXwkrMSPpCATkct8fJA==
  dependencies:
    multiformats "^9.4.2"

validator@^13.7.0:
  version "13.7.0"
  resolved "https://registry.yarnpkg.com/validator/-/validator-13.7.0.tgz#4f9658ba13ba8f3d82ee881d3516489ea85c0857"
  integrity sha512-nYXQLCBkpJ8X6ltALua9dRrZDHVYxjJ1wgskNt1lH9fzGjs3tgojGSCBjmEPwkWS1y29+DrizMTW19Pr9uB2nw==

web-did-resolver@^2.0.16:
  version "2.0.16"
  resolved "https://registry.yarnpkg.com/web-did-resolver/-/web-did-resolver-2.0.16.tgz#23e6607a6a068218ff8403d967b8a70af2e0cc25"
  integrity sha512-PNGO9nP8H1mTxBRzg/AdzB40HXHhQ99BMCMEQYLK1fatohdmEDetJglgTFwavKQEbBexDG3xknCIzryWD7iS0A==
  dependencies:
    cross-fetch "^3.1.2"
    did-resolver "^3.1.5"

webidl-conversions@^3.0.0:
  version "3.0.1"
  resolved "https://registry.yarnpkg.com/webidl-conversions/-/webidl-conversions-3.0.1.tgz#24534275e2a7bc6be7bc86611cc16ae0a5654871"
  integrity sha1-JFNCdeKnvGvnvIZhHMFq4KVlSHE=

whatwg-url@^5.0.0:
  version "5.0.0"
  resolved "https://registry.yarnpkg.com/whatwg-url/-/whatwg-url-5.0.0.tgz#966454e8765462e37644d3626f6742ce8b70965d"
  integrity sha1-lmRU6HZUYuN2RNNib2dCzotwll0=
  dependencies:
    tr46 "~0.0.3"
    webidl-conversions "^3.0.0"

ws@7.4.6:
  version "7.4.6"
  resolved "https://registry.yarnpkg.com/ws/-/ws-7.4.6.tgz#5654ca8ecdeee47c33a9a4bf6d28e2be2980377c"
  integrity sha512-YmhHDO4MzaDLB+M9ym/mDA5z0naX8j7SIlT8f8z+I0VtzsRbekxEutHSme7NPS2qE8StCYQNUnfWdXta/Yu85A==

z-schema@^5.0.0:
  version "5.0.3"
  resolved "https://registry.yarnpkg.com/z-schema/-/z-schema-5.0.3.tgz#68fafb9b735fc7f3c89eabb3e5a6353b4d7b4935"
  integrity sha512-sGvEcBOTNum68x9jCpCVGPFJ6mWnkD0YxOcddDlJHRx3tKdB2q8pCHExMVZo/AV/6geuVJXG7hljDaWG8+5GDw==
  dependencies:
    lodash.get "^4.4.2"
    lodash.isequal "^4.5.0"
    validator "^13.7.0"
  optionalDependencies:
    commander "^2.20.3"
